// !$*UTF8*$!
{
	archiveVersion = 1;
	classes = {
	};
	objectVersion = 56;
	objects = {

/* Begin PBXBuildFile section */
		CA8A6C632B7D9B0E008828FD /* AppDelegate.swift in Sources */ = {isa = PBXBuildFile; fileRef = CA8A6C622B7D9B0E008828FD /* AppDelegate.swift */; };
		CA8A6C652B7D9B0E008828FD /* SceneDelegate.swift in Sources */ = {isa = PBXBuildFile; fileRef = CA8A6C642B7D9B0E008828FD /* SceneDelegate.swift */; };
		CA8A6C672B7D9B0E008828FD /* ViewController.swift in Sources */ = {isa = PBXBuildFile; fileRef = CA8A6C662B7D9B0E008828FD /* ViewController.swift */; };
		CA8A6C6A2B7D9B0E008828FD /* Main.storyboard in Resources */ = {isa = PBXBuildFile; fileRef = CA8A6C682B7D9B0E008828FD /* Main.storyboard */; };
		CA8A6C6C2B7D9B0F008828FD /* Assets.xcassets in Resources */ = {isa = PBXBuildFile; fileRef = CA8A6C6B2B7D9B0F008828FD /* Assets.xcassets */; };
		CA8A6C6F2B7D9B0F008828FD /* LaunchScreen.storyboard in Resources */ = {isa = PBXBuildFile; fileRef = CA8A6C6D2B7D9B0F008828FD /* LaunchScreen.storyboard */; };
		CA8A6C7A2B7D9B0F008828FD /* OddEvenGameTests.swift in Sources */ = {isa = PBXBuildFile; fileRef = CA8A6C792B7D9B0F008828FD /* OddEvenGameTests.swift */; };
		CA8A6C842B7D9B0F008828FD /* OddEvenGameUITests.swift in Sources */ = {isa = PBXBuildFile; fileRef = CA8A6C832B7D9B0F008828FD /* OddEvenGameUITests.swift */; };
		CA8A6C862B7D9B0F008828FD /* OddEvenGameUITestsLaunchTests.swift in Sources */ = {isa = PBXBuildFile; fileRef = CA8A6C852B7D9B0F008828FD /* OddEvenGameUITestsLaunchTests.swift */; };
/* End PBXBuildFile section */

/* Begin PBXContainerItemProxy section */
		CA8A6C762B7D9B0F008828FD /* PBXContainerItemProxy */ = {
			isa = PBXContainerItemProxy;
			containerPortal = CA8A6C572B7D9B0E008828FD /* Project object */;
			proxyType = 1;
			remoteGlobalIDString = CA8A6C5E2B7D9B0E008828FD;
			remoteInfo = OddEvenGame;
		};
		CA8A6C802B7D9B0F008828FD /* PBXContainerItemProxy */ = {
			isa = PBXContainerItemProxy;
			containerPortal = CA8A6C572B7D9B0E008828FD /* Project object */;
			proxyType = 1;
			remoteGlobalIDString = CA8A6C5E2B7D9B0E008828FD;
			remoteInfo = OddEvenGame;
		};
/* End PBXContainerItemProxy section */

/* Begin PBXFileReference section */
		CA8A6C5F2B7D9B0E008828FD /* OddEvenGame.app */ = {isa = PBXFileReference; explicitFileType = wrapper.application; includeInIndex = 0; path = OddEvenGame.app; sourceTree = BUILT_PRODUCTS_DIR; };
		CA8A6C622B7D9B0E008828FD /* AppDelegate.swift */ = {isa = PBXFileReference; lastKnownFileType = sourcecode.swift; path = AppDelegate.swift; sourceTree = "<group>"; };
		CA8A6C642B7D9B0E008828FD /* SceneDelegate.swift */ = {isa = PBXFileReference; lastKnownFileType = sourcecode.swift; path = SceneDelegate.swift; sourceTree = "<group>"; };
		CA8A6C662B7D9B0E008828FD /* ViewController.swift */ = {isa = PBXFileReference; lastKnownFileType = sourcecode.swift; path = ViewController.swift; sourceTree = "<group>"; };
		CA8A6C692B7D9B0E008828FD /* Base */ = {isa = PBXFileReference; lastKnownFileType = file.storyboard; name = Base; path = Base.lproj/Main.storyboard; sourceTree = "<group>"; };
		CA8A6C6B2B7D9B0F008828FD /* Assets.xcassets */ = {isa = PBXFileReference; lastKnownFileType = folder.assetcatalog; path = Assets.xcassets; sourceTree = "<group>"; };
		CA8A6C6E2B7D9B0F008828FD /* Base */ = {isa = PBXFileReference; lastKnownFileType = file.storyboard; name = Base; path = Base.lproj/LaunchScreen.storyboard; sourceTree = "<group>"; };
		CA8A6C702B7D9B0F008828FD /* Info.plist */ = {isa = PBXFileReference; lastKnownFileType = text.plist.xml; path = Info.plist; sourceTree = "<group>"; };
		CA8A6C752B7D9B0F008828FD /* OddEvenGameTests.xctest */ = {isa = PBXFileReference; explicitFileType = wrapper.cfbundle; includeInIndex = 0; path = OddEvenGameTests.xctest; sourceTree = BUILT_PRODUCTS_DIR; };
		CA8A6C792B7D9B0F008828FD /* OddEvenGameTests.swift */ = {isa = PBXFileReference; lastKnownFileType = sourcecode.swift; path = OddEvenGameTests.swift; sourceTree = "<group>"; };
		CA8A6C7F2B7D9B0F008828FD /* OddEvenGameUITests.xctest */ = {isa = PBXFileReference; explicitFileType = wrapper.cfbundle; includeInIndex = 0; path = OddEvenGameUITests.xctest; sourceTree = BUILT_PRODUCTS_DIR; };
		CA8A6C832B7D9B0F008828FD /* OddEvenGameUITests.swift */ = {isa = PBXFileReference; lastKnownFileType = sourcecode.swift; path = OddEvenGameUITests.swift; sourceTree = "<group>"; };
		CA8A6C852B7D9B0F008828FD /* OddEvenGameUITestsLaunchTests.swift */ = {isa = PBXFileReference; lastKnownFileType = sourcecode.swift; path = OddEvenGameUITestsLaunchTests.swift; sourceTree = "<group>"; };
/* End PBXFileReference section */

/* Begin PBXFrameworksBuildPhase section */
		CA8A6C5C2B7D9B0E008828FD /* Frameworks */ = {
			isa = PBXFrameworksBuildPhase;
			buildActionMask = 2147483647;
			files = (
			);
			runOnlyForDeploymentPostprocessing = 0;
		};
		CA8A6C722B7D9B0F008828FD /* Frameworks */ = {
			isa = PBXFrameworksBuildPhase;
			buildActionMask = 2147483647;
			files = (
			);
			runOnlyForDeploymentPostprocessing = 0;
		};
		CA8A6C7C2B7D9B0F008828FD /* Frameworks */ = {
			isa = PBXFrameworksBuildPhase;
			buildActionMask = 2147483647;
			files = (
			);
			runOnlyForDeploymentPostprocessing = 0;
		};
/* End PBXFrameworksBuildPhase section */

/* Begin PBXGroup section */
		CA8A6C562B7D9B0E008828FD = {
			isa = PBXGroup;
			children = (
				CA8A6C612B7D9B0E008828FD /* OddEvenGame */,
				CA8A6C782B7D9B0F008828FD /* OddEvenGameTests */,
				CA8A6C822B7D9B0F008828FD /* OddEvenGameUITests */,
				CA8A6C602B7D9B0E008828FD /* Products */,
			);
			sourceTree = "<group>";
		};
		CA8A6C602B7D9B0E008828FD /* Products */ = {
			isa = PBXGroup;
			children = (
				CA8A6C5F2B7D9B0E008828FD /* OddEvenGame.app */,
				CA8A6C752B7D9B0F008828FD /* OddEvenGameTests.xctest */,
				CA8A6C7F2B7D9B0F008828FD /* OddEvenGameUITests.xctest */,
			);
			name = Products;
			sourceTree = "<group>";
		};
		CA8A6C612B7D9B0E008828FD /* OddEvenGame */ = {
			isa = PBXGroup;
			children = (
				CA8A6C622B7D9B0E008828FD /* AppDelegate.swift */,
				CA8A6C642B7D9B0E008828FD /* SceneDelegate.swift */,
				CA8A6C662B7D9B0E008828FD /* ViewController.swift */,
				CA8A6C682B7D9B0E008828FD /* Main.storyboard */,
				CA8A6C6B2B7D9B0F008828FD /* Assets.xcassets */,
				CA8A6C6D2B7D9B0F008828FD /* LaunchScreen.storyboard */,
				CA8A6C702B7D9B0F008828FD /* Info.plist */,
			);
			path = OddEvenGame;
			sourceTree = "<group>";
		};
		CA8A6C782B7D9B0F008828FD /* OddEvenGameTests */ = {
			isa = PBXGroup;
			children = (
				CA8A6C792B7D9B0F008828FD /* OddEvenGameTests.swift */,
			);
			path = OddEvenGameTests;
			sourceTree = "<group>";
		};
		CA8A6C822B7D9B0F008828FD /* OddEvenGameUITests */ = {
			isa = PBXGroup;
			children = (
				CA8A6C832B7D9B0F008828FD /* OddEvenGameUITests.swift */,
				CA8A6C852B7D9B0F008828FD /* OddEvenGameUITestsLaunchTests.swift */,
			);
			path = OddEvenGameUITests;
			sourceTree = "<group>";
		};
/* End PBXGroup section */

/* Begin PBXNativeTarget section */
		CA8A6C5E2B7D9B0E008828FD /* OddEvenGame */ = {
			isa = PBXNativeTarget;
			buildConfigurationList = CA8A6C892B7D9B0F008828FD /* Build configuration list for PBXNativeTarget "OddEvenGame" */;
			buildPhases = (
				CA8A6C5B2B7D9B0E008828FD /* Sources */,
				CA8A6C5C2B7D9B0E008828FD /* Frameworks */,
				CA8A6C5D2B7D9B0E008828FD /* Resources */,
			);
			buildRules = (
			);
			dependencies = (
			);
			name = OddEvenGame;
			productName = OddEvenGame;
			productReference = CA8A6C5F2B7D9B0E008828FD /* OddEvenGame.app */;
			productType = "com.apple.product-type.application";
		};
		CA8A6C742B7D9B0F008828FD /* OddEvenGameTests */ = {
			isa = PBXNativeTarget;
			buildConfigurationList = CA8A6C8C2B7D9B0F008828FD /* Build configuration list for PBXNativeTarget "OddEvenGameTests" */;
			buildPhases = (
				CA8A6C712B7D9B0F008828FD /* Sources */,
				CA8A6C722B7D9B0F008828FD /* Frameworks */,
				CA8A6C732B7D9B0F008828FD /* Resources */,
			);
			buildRules = (
			);
			dependencies = (
				CA8A6C772B7D9B0F008828FD /* PBXTargetDependency */,
			);
			name = OddEvenGameTests;
			productName = OddEvenGameTests;
			productReference = CA8A6C752B7D9B0F008828FD /* OddEvenGameTests.xctest */;
			productType = "com.apple.product-type.bundle.unit-test";
		};
		CA8A6C7E2B7D9B0F008828FD /* OddEvenGameUITests */ = {
			isa = PBXNativeTarget;
			buildConfigurationList = CA8A6C8F2B7D9B0F008828FD /* Build configuration list for PBXNativeTarget "OddEvenGameUITests" */;
			buildPhases = (
				CA8A6C7B2B7D9B0F008828FD /* Sources */,
				CA8A6C7C2B7D9B0F008828FD /* Frameworks */,
				CA8A6C7D2B7D9B0F008828FD /* Resources */,
			);
			buildRules = (
			);
			dependencies = (
				CA8A6C812B7D9B0F008828FD /* PBXTargetDependency */,
			);
			name = OddEvenGameUITests;
			productName = OddEvenGameUITests;
			productReference = CA8A6C7F2B7D9B0F008828FD /* OddEvenGameUITests.xctest */;
			productType = "com.apple.product-type.bundle.ui-testing";
		};
/* End PBXNativeTarget section */

/* Begin PBXProject section */
		CA8A6C572B7D9B0E008828FD /* Project object */ = {
			isa = PBXProject;
			attributes = {
				BuildIndependentTargetsInParallel = 1;
				LastSwiftUpdateCheck = 1430;
				LastUpgradeCheck = 1430;
				TargetAttributes = {
					CA8A6C5E2B7D9B0E008828FD = {
						CreatedOnToolsVersion = 14.3.1;
					};
					CA8A6C742B7D9B0F008828FD = {
						CreatedOnToolsVersion = 14.3.1;
						TestTargetID = CA8A6C5E2B7D9B0E008828FD;
					};
					CA8A6C7E2B7D9B0F008828FD = {
						CreatedOnToolsVersion = 14.3.1;
						TestTargetID = CA8A6C5E2B7D9B0E008828FD;
					};
				};
			};
			buildConfigurationList = CA8A6C5A2B7D9B0E008828FD /* Build configuration list for PBXProject "OddEvenGame" */;
			compatibilityVersion = "Xcode 14.0";
			developmentRegion = en;
			hasScannedForEncodings = 0;
			knownRegions = (
				en,
				Base,
			);
			mainGroup = CA8A6C562B7D9B0E008828FD;
			productRefGroup = CA8A6C602B7D9B0E008828FD /* Products */;
			projectDirPath = "";
			projectRoot = "";
			targets = (
				CA8A6C5E2B7D9B0E008828FD /* OddEvenGame */,
				CA8A6C742B7D9B0F008828FD /* OddEvenGameTests */,
				CA8A6C7E2B7D9B0F008828FD /* OddEvenGameUITests */,
			);
		};
/* End PBXProject section */

/* Begin PBXResourcesBuildPhase section */
		CA8A6C5D2B7D9B0E008828FD /* Resources */ = {
			isa = PBXResourcesBuildPhase;
			buildActionMask = 2147483647;
			files = (
				CA8A6C6F2B7D9B0F008828FD /* LaunchScreen.storyboard in Resources */,
				CA8A6C6C2B7D9B0F008828FD /* Assets.xcassets in Resources */,
				CA8A6C6A2B7D9B0E008828FD /* Main.storyboard in Resources */,
			);
			runOnlyForDeploymentPostprocessing = 0;
		};
		CA8A6C732B7D9B0F008828FD /* Resources */ = {
			isa = PBXResourcesBuildPhase;
			buildActionMask = 2147483647;
			files = (
			);
			runOnlyForDeploymentPostprocessing = 0;
		};
		CA8A6C7D2B7D9B0F008828FD /* Resources */ = {
			isa = PBXResourcesBuildPhase;
			buildActionMask = 2147483647;
			files = (
			);
			runOnlyForDeploymentPostprocessing = 0;
		};
/* End PBXResourcesBuildPhase section */

/* Begin PBXSourcesBuildPhase section */
		CA8A6C5B2B7D9B0E008828FD /* Sources */ = {
			isa = PBXSourcesBuildPhase;
			buildActionMask = 2147483647;
			files = (
				CA8A6C672B7D9B0E008828FD /* ViewController.swift in Sources */,
				CA8A6C632B7D9B0E008828FD /* AppDelegate.swift in Sources */,
				CA8A6C652B7D9B0E008828FD /* SceneDelegate.swift in Sources */,
			);
			runOnlyForDeploymentPostprocessing = 0;
		};
		CA8A6C712B7D9B0F008828FD /* Sources */ = {
			isa = PBXSourcesBuildPhase;
			buildActionMask = 2147483647;
			files = (
				CA8A6C7A2B7D9B0F008828FD /* OddEvenGameTests.swift in Sources */,
			);
			runOnlyForDeploymentPostprocessing = 0;
		};
		CA8A6C7B2B7D9B0F008828FD /* Sources */ = {
			isa = PBXSourcesBuildPhase;
			buildActionMask = 2147483647;
			files = (
				CA8A6C862B7D9B0F008828FD /* OddEvenGameUITestsLaunchTests.swift in Sources */,
				CA8A6C842B7D9B0F008828FD /* OddEvenGameUITests.swift in Sources */,
			);
			runOnlyForDeploymentPostprocessing = 0;
		};
/* End PBXSourcesBuildPhase section */

/* Begin PBXTargetDependency section */
		CA8A6C772B7D9B0F008828FD /* PBXTargetDependency */ = {
			isa = PBXTargetDependency;
			target = CA8A6C5E2B7D9B0E008828FD /* OddEvenGame */;
			targetProxy = CA8A6C762B7D9B0F008828FD /* PBXContainerItemProxy */;
		};
		CA8A6C812B7D9B0F008828FD /* PBXTargetDependency */ = {
			isa = PBXTargetDependency;
			target = CA8A6C5E2B7D9B0E008828FD /* OddEvenGame */;
			targetProxy = CA8A6C802B7D9B0F008828FD /* PBXContainerItemProxy */;
		};
/* End PBXTargetDependency section */

/* Begin PBXVariantGroup section */
		CA8A6C682B7D9B0E008828FD /* Main.storyboard */ = {
			isa = PBXVariantGroup;
			children = (
				CA8A6C692B7D9B0E008828FD /* Base */,
			);
			name = Main.storyboard;
			sourceTree = "<group>";
		};
		CA8A6C6D2B7D9B0F008828FD /* LaunchScreen.storyboard */ = {
			isa = PBXVariantGroup;
			children = (
				CA8A6C6E2B7D9B0F008828FD /* Base */,
			);
			name = LaunchScreen.storyboard;
			sourceTree = "<group>";
		};
/* End PBXVariantGroup section */

/* Begin XCBuildConfiguration section */
		CA8A6C872B7D9B0F008828FD /* Debug */ = {
			isa = XCBuildConfiguration;
			buildSettings = {
				ALWAYS_SEARCH_USER_PATHS = NO;
				CLANG_ANALYZER_NONNULL = YES;
				CLANG_ANALYZER_NUMBER_OBJECT_CONVERSION = YES_AGGRESSIVE;
				CLANG_CXX_LANGUAGE_STANDARD = "gnu++20";
				CLANG_ENABLE_MODULES = YES;
				CLANG_ENABLE_OBJC_ARC = YES;
				CLANG_ENABLE_OBJC_WEAK = YES;
				CLANG_WARN_BLOCK_CAPTURE_AUTORELEASING = YES;
				CLANG_WARN_BOOL_CONVERSION = YES;
				CLANG_WARN_COMMA = YES;
				CLANG_WARN_CONSTANT_CONVERSION = YES;
				CLANG_WARN_DEPRECATED_OBJC_IMPLEMENTATIONS = YES;
				CLANG_WARN_DIRECT_OBJC_ISA_USAGE = YES_ERROR;
				CLANG_WARN_DOCUMENTATION_COMMENTS = YES;
				CLANG_WARN_EMPTY_BODY = YES;
				CLANG_WARN_ENUM_CONVERSION = YES;
				CLANG_WARN_INFINITE_RECURSION = YES;
				CLANG_WARN_INT_CONVERSION = YES;
				CLANG_WARN_NON_LITERAL_NULL_CONVERSION = YES;
				CLANG_WARN_OBJC_IMPLICIT_RETAIN_SELF = YES;
				CLANG_WARN_OBJC_LITERAL_CONVERSION = YES;
				CLANG_WARN_OBJC_ROOT_CLASS = YES_ERROR;
				CLANG_WARN_QUOTED_INCLUDE_IN_FRAMEWORK_HEADER = YES;
				CLANG_WARN_RANGE_LOOP_ANALYSIS = YES;
				CLANG_WARN_STRICT_PROTOTYPES = YES;
				CLANG_WARN_SUSPICIOUS_MOVE = YES;
				CLANG_WARN_UNGUARDED_AVAILABILITY = YES_AGGRESSIVE;
				CLANG_WARN_UNREACHABLE_CODE = YES;
				CLANG_WARN__DUPLICATE_METHOD_MATCH = YES;
				COPY_PHASE_STRIP = NO;
				DEBUG_INFORMATION_FORMAT = dwarf;
				ENABLE_STRICT_OBJC_MSGSEND = YES;
				ENABLE_TESTABILITY = YES;
				GCC_C_LANGUAGE_STANDARD = gnu11;
				GCC_DYNAMIC_NO_PIC = NO;
				GCC_NO_COMMON_BLOCKS = YES;
				GCC_OPTIMIZATION_LEVEL = 0;
				GCC_PREPROCESSOR_DEFINITIONS = (
					"DEBUG=1",
					"$(inherited)",
				);
				GCC_WARN_64_TO_32_BIT_CONVERSION = YES;
				GCC_WARN_ABOUT_RETURN_TYPE = YES_ERROR;
				GCC_WARN_UNDECLARED_SELECTOR = YES;
				GCC_WARN_UNINITIALIZED_AUTOS = YES_AGGRESSIVE;
				GCC_WARN_UNUSED_FUNCTION = YES;
				GCC_WARN_UNUSED_VARIABLE = YES;
				IPHONEOS_DEPLOYMENT_TARGET = 16.4;
				MTL_ENABLE_DEBUG_INFO = INCLUDE_SOURCE;
				MTL_FAST_MATH = YES;
				ONLY_ACTIVE_ARCH = YES;
				SDKROOT = iphoneos;
				SWIFT_ACTIVE_COMPILATION_CONDITIONS = DEBUG;
				SWIFT_OPTIMIZATION_LEVEL = "-Onone";
			};
			name = Debug;
		};
		CA8A6C882B7D9B0F008828FD /* Release */ = {
			isa = XCBuildConfiguration;
			buildSettings = {
				ALWAYS_SEARCH_USER_PATHS = NO;
				CLANG_ANALYZER_NONNULL = YES;
				CLANG_ANALYZER_NUMBER_OBJECT_CONVERSION = YES_AGGRESSIVE;
				CLANG_CXX_LANGUAGE_STANDARD = "gnu++20";
				CLANG_ENABLE_MODULES = YES;
				CLANG_ENABLE_OBJC_ARC = YES;
				CLANG_ENABLE_OBJC_WEAK = YES;
				CLANG_WARN_BLOCK_CAPTURE_AUTORELEASING = YES;
				CLANG_WARN_BOOL_CONVERSION = YES;
				CLANG_WARN_COMMA = YES;
				CLANG_WARN_CONSTANT_CONVERSION = YES;
				CLANG_WARN_DEPRECATED_OBJC_IMPLEMENTATIONS = YES;
				CLANG_WARN_DIRECT_OBJC_ISA_USAGE = YES_ERROR;
				CLANG_WARN_DOCUMENTATION_COMMENTS = YES;
				CLANG_WARN_EMPTY_BODY = YES;
				CLANG_WARN_ENUM_CONVERSION = YES;
				CLANG_WARN_INFINITE_RECURSION = YES;
				CLANG_WARN_INT_CONVERSION = YES;
				CLANG_WARN_NON_LITERAL_NULL_CONVERSION = YES;
				CLANG_WARN_OBJC_IMPLICIT_RETAIN_SELF = YES;
				CLANG_WARN_OBJC_LITERAL_CONVERSION = YES;
				CLANG_WARN_OBJC_ROOT_CLASS = YES_ERROR;
				CLANG_WARN_QUOTED_INCLUDE_IN_FRAMEWORK_HEADER = YES;
				CLANG_WARN_RANGE_LOOP_ANALYSIS = YES;
				CLANG_WARN_STRICT_PROTOTYPES = YES;
				CLANG_WARN_SUSPICIOUS_MOVE = YES;
				CLANG_WARN_UNGUARDED_AVAILABILITY = YES_AGGRESSIVE;
				CLANG_WARN_UNREACHABLE_CODE = YES;
				CLANG_WARN__DUPLICATE_METHOD_MATCH = YES;
				COPY_PHASE_STRIP = NO;
				DEBUG_INFORMATION_FORMAT = "dwarf-with-dsym";
				ENABLE_NS_ASSERTIONS = NO;
				ENABLE_STRICT_OBJC_MSGSEND = YES;
				GCC_C_LANGUAGE_STANDARD = gnu11;
				GCC_NO_COMMON_BLOCKS = YES;
				GCC_WARN_64_TO_32_BIT_CONVERSION = YES;
				GCC_WARN_ABOUT_RETURN_TYPE = YES_ERROR;
				GCC_WARN_UNDECLARED_SELECTOR = YES;
				GCC_WARN_UNINITIALIZED_AUTOS = YES_AGGRESSIVE;
				GCC_WARN_UNUSED_FUNCTION = YES;
				GCC_WARN_UNUSED_VARIABLE = YES;
				IPHONEOS_DEPLOYMENT_TARGET = 16.4;
				MTL_ENABLE_DEBUG_INFO = NO;
				MTL_FAST_MATH = YES;
				SDKROOT = iphoneos;
				SWIFT_COMPILATION_MODE = wholemodule;
				SWIFT_OPTIMIZATION_LEVEL = "-O";
				VALIDATE_PRODUCT = YES;
			};
			name = Release;
		};
		CA8A6C8A2B7D9B0F008828FD /* Debug */ = {
			isa = XCBuildConfiguration;
			buildSettings = {
				ASSETCATALOG_COMPILER_APPICON_NAME = AppIcon;
				ASSETCATALOG_COMPILER_GLOBAL_ACCENT_COLOR_NAME = AccentColor;
				CODE_SIGN_STYLE = Automatic;
				CURRENT_PROJECT_VERSION = 1;
				GENERATE_INFOPLIST_FILE = YES;
				INFOPLIST_FILE = OddEvenGame/Info.plist;
				INFOPLIST_KEY_UIApplicationSupportsIndirectInputEvents = YES;
				INFOPLIST_KEY_UILaunchStoryboardName = LaunchScreen;
				INFOPLIST_KEY_UIMainStoryboardFile = Main;
				INFOPLIST_KEY_UISupportedInterfaceOrientations_iPad = "UIInterfaceOrientationPortrait UIInterfaceOrientationPortraitUpsideDown UIInterfaceOrientationLandscapeLeft UIInterfaceOrientationLandscapeRight";
				INFOPLIST_KEY_UISupportedInterfaceOrientations_iPhone = "UIInterfaceOrientationPortrait UIInterfaceOrientationLandscapeLeft UIInterfaceOrientationLandscapeRight";
				LD_RUNPATH_SEARCH_PATHS = (
					"$(inherited)",
					"@executable_path/Frameworks",
				);
				MARKETING_VERSION = 1.0;
				PRODUCT_BUNDLE_IDENTIFIER = study.OddEvenGame;
				PRODUCT_NAME = "$(TARGET_NAME)";
				SWIFT_EMIT_LOC_STRINGS = YES;
				SWIFT_VERSION = 5.0;
				TARGETED_DEVICE_FAMILY = "1,2";
			};
			name = Debug;
		};
		CA8A6C8B2B7D9B0F008828FD /* Release */ = {
			isa = XCBuildConfiguration;
			buildSettings = {
				ASSETCATALOG_COMPILER_APPICON_NAME = AppIcon;
				ASSETCATALOG_COMPILER_GLOBAL_ACCENT_COLOR_NAME = AccentColor;
				CODE_SIGN_STYLE = Automatic;
				CURRENT_PROJECT_VERSION = 1;
				GENERATE_INFOPLIST_FILE = YES;
				INFOPLIST_FILE = OddEvenGame/Info.plist;
				INFOPLIST_KEY_UIApplicationSupportsIndirectInputEvents = YES;
				INFOPLIST_KEY_UILaunchStoryboardName = LaunchScreen;
				INFOPLIST_KEY_UIMainStoryboardFile = Main;
				INFOPLIST_KEY_UISupportedInterfaceOrientations_iPad = "UIInterfaceOrientationPortrait UIInterfaceOrientationPortraitUpsideDown UIInterfaceOrientationLandscapeLeft UIInterfaceOrientationLandscapeRight";
				INFOPLIST_KEY_UISupportedInterfaceOrientations_iPhone = "UIInterfaceOrientationPortrait UIInterfaceOrientationLandscapeLeft UIInterfaceOrientationLandscapeRight";
				LD_RUNPATH_SEARCH_PATHS = (
					"$(inherited)",
					"@executable_path/Frameworks",
				);
				MARKETING_VERSION = 1.0;
				PRODUCT_BUNDLE_IDENTIFIER = study.OddEvenGame;
				PRODUCT_NAME = "$(TARGET_NAME)";
				SWIFT_EMIT_LOC_STRINGS = YES;
				SWIFT_VERSION = 5.0;
				TARGETED_DEVICE_FAMILY = "1,2";
			};
			name = Release;
		};
		CA8A6C8D2B7D9B0F008828FD /* Debug */ = {
			isa = XCBuildConfiguration;
			buildSettings = {
				ALWAYS_EMBED_SWIFT_STANDARD_LIBRARIES = YES;
				BUNDLE_LOADER = "$(TEST_HOST)";
				CODE_SIGN_STYLE = Automatic;
				CURRENT_PROJECT_VERSION = 1;
				GENERATE_INFOPLIST_FILE = YES;
				IPHONEOS_DEPLOYMENT_TARGET = 16.4;
				MARKETING_VERSION = 1.0;
				PRODUCT_BUNDLE_IDENTIFIER = study.OddEvenGameTests;
				PRODUCT_NAME = "$(TARGET_NAME)";
				SWIFT_EMIT_LOC_STRINGS = NO;
				SWIFT_VERSION = 5.0;
				TARGETED_DEVICE_FAMILY = "1,2";
				TEST_HOST = "$(BUILT_PRODUCTS_DIR)/OddEvenGame.app/$(BUNDLE_EXECUTABLE_FOLDER_PATH)/OddEvenGame";
			};
			name = Debug;
		};
		CA8A6C8E2B7D9B0F008828FD /* Release */ = {
			isa = XCBuildConfiguration;
			buildSettings = {
				ALWAYS_EMBED_SWIFT_STANDARD_LIBRARIES = YES;
				BUNDLE_LOADER = "$(TEST_HOST)";
				CODE_SIGN_STYLE = Automatic;
				CURRENT_PROJECT_VERSION = 1;
				GENERATE_INFOPLIST_FILE = YES;
				IPHONEOS_DEPLOYMENT_TARGET = 16.4;
				MARKETING_VERSION = 1.0;
				PRODUCT_BUNDLE_IDENTIFIER = study.OddEvenGameTests;
				PRODUCT_NAME = "$(TARGET_NAME)";
				SWIFT_EMIT_LOC_STRINGS = NO;
				SWIFT_VERSION = 5.0;
				TARGETED_DEVICE_FAMILY = "1,2";
				TEST_HOST = "$(BUILT_PRODUCTS_DIR)/OddEvenGame.app/$(BUNDLE_EXECUTABLE_FOLDER_PATH)/OddEvenGame";
			};
			name = Release;
		};
		CA8A6C902B7D9B0F008828FD /* Debug */ = {
			isa = XCBuildConfiguration;
			buildSettings = {
				ALWAYS_EMBED_SWIFT_STANDARD_LIBRARIES = YES;
				CODE_SIGN_STYLE = Automatic;
				CURRENT_PROJECT_VERSION = 1;
				GENERATE_INFOPLIST_FILE = YES;
				MARKETING_VERSION = 1.0;
				PRODUCT_BUNDLE_IDENTIFIER = study.OddEvenGameUITests;
				PRODUCT_NAME = "$(TARGET_NAME)";
				SWIFT_EMIT_LOC_STRINGS = NO;
				SWIFT_VERSION = 5.0;
				TARGETED_DEVICE_FAMILY = "1,2";
				TEST_TARGET_NAME = OddEvenGame;
			};
			name = Debug;
		};
		CA8A6C912B7D9B0F008828FD /* Release */ = {
			isa = XCBuildConfiguration;
			buildSettings = {
				ALWAYS_EMBED_SWIFT_STANDARD_LIBRARIES = YES;
				CODE_SIGN_STYLE = Automatic;
				CURRENT_PROJECT_VERSION = 1;
				GENERATE_INFOPLIST_FILE = YES;
				MARKETING_VERSION = 1.0;
				PRODUCT_BUNDLE_IDENTIFIER = study.OddEvenGameUITests;
				PRODUCT_NAME = "$(TARGET_NAME)";
				SWIFT_EMIT_LOC_STRINGS = NO;
				SWIFT_VERSION = 5.0;
				TARGETED_DEVICE_FAMILY = "1,2";
				TEST_TARGET_NAME = OddEvenGame;
			};
			name = Release;
		};
/* End XCBuildConfiguration section */

/* Begin XCConfigurationList section */
		CA8A6C5A2B7D9B0E008828FD /* Build configuration list for PBXProject "OddEvenGame" */ = {
			isa = XCConfigurationList;
			buildConfigurations = (
				CA8A6C872B7D9B0F008828FD /* Debug */,
				CA8A6C882B7D9B0F008828FD /* Release */,
			);
			defaultConfigurationIsVisible = 0;
			defaultConfigurationName = Release;
		};
		CA8A6C892B7D9B0F008828FD /* Build configuration list for PBXNativeTarget "OddEvenGame" */ = {
			isa = XCConfigurationList;
			buildConfigurations = (
				CA8A6C8A2B7D9B0F008828FD /* Debug */,
				CA8A6C8B2B7D9B0F008828FD /* Release */,
			);
			defaultConfigurationIsVisible = 0;
			defaultConfigurationName = Release;
		};
		CA8A6C8C2B7D9B0F008828FD /* Build configuration list for PBXNativeTarget "OddEvenGameTests" */ = {
			isa = XCConfigurationList;
			buildConfigurations = (
				CA8A6C8D2B7D9B0F008828FD /* Debug */,
				CA8A6C8E2B7D9B0F008828FD /* Release */,
			);
			defaultConfigurationIsVisible = 0;
			defaultConfigurationName = Release;
		};
		CA8A6C8F2B7D9B0F008828FD /* Build configuration list for PBXNativeTarget "OddEvenGameUITests" */ = {
			isa = XCConfigurationList;
			buildConfigurations = (
				CA8A6C902B7D9B0F008828FD /* Debug */,
				CA8A6C912B7D9B0F008828FD /* Release */,
			);
			defaultConfigurationIsVisible = 0;
			defaultConfigurationName = Release;
		};
/* End XCConfigurationList section */
	};
	rootObject = CA8A6C572B7D9B0E008828FD /* Project object */;
}
